
Microsoft Visual Studio Solution File, Format Version 12.00
# Visual Studio 2012
Project("{FAE04EC0-301F-11D3-BF4B-00C04F79EFBC}") = "Emsal.DAL", "..\..\Emsal\Emsal\Emsal.DAL\Emsal.DAL.csproj", "{0CAA1DD7-1600-4E30-BB8A-21CC22BC5C5D}"
EndProject
Project("{FAE04EC0-301F-11D3-BF4B-00C04F79EFBC}") = "Emsal.BLL", "..\..\Emsal\Emsal\Emsal.BLL\Emsal.BLL.csproj", "{98581EAB-2D32-4970-A68F-A5871B2A3CD3}"
EndProject
Project("{FAE04EC0-301F-11D3-BF4B-00C04F79EFBC}") = "Emsal.WebSrv", "..\..\Emsal\Emsal\Emsal.WebSrv\Emsal.WebSrv.csproj", "{904762CF-1CC4-43FA-B136-F3AA6B717A9D}"
EndProject
Project("{FAE04EC0-301F-11D3-BF4B-00C04F79EFBC}") = "Emsal.Utility", "..\..\Emsal\Emsal\Emsal.Utility\Emsal.Utility.csproj", "{99E1D23D-1D59-47D4-B440-1D081E12447F}"
EndProject
Global
	GlobalSection(SolutionConfigurationPlatforms) = preSolution
		Debug|Any CPU = Debug|Any CPU
		Release|Any CPU = Release|Any CPU
	EndGlobalSection
	GlobalSection(ProjectConfigurationPlatforms) = postSolution
		{0CAA1DD7-1600-4E30-BB8A-21CC22BC5C5D}.Debug|Any CPU.ActiveCfg = Debug|Any CPU
		{0CAA1DD7-1600-4E30-BB8A-21CC22BC5C5D}.Debug|Any CPU.Build.0 = Debug|Any CPU
		{0CAA1DD7-1600-4E30-BB8A-21CC22BC5C5D}.Release|Any CPU.ActiveCfg = Release|Any CPU
		{0CAA1DD7-1600-4E30-BB8A-21CC22BC5C5D}.Release|Any CPU.Build.0 = Release|Any CPU
		{98581EAB-2D32-4970-A68F-A5871B2A3CD3}.Debug|Any CPU.ActiveCfg = Debug|Any CPU
		{98581EAB-2D32-4970-A68F-A5871B2A3CD3}.Debug|Any CPU.Build.0 = Debug|Any CPU
		{98581EAB-2D32-4970-A68F-A5871B2A3CD3}.Release|Any CPU.ActiveCfg = Release|Any CPU
		{98581EAB-2D32-4970-A68F-A5871B2A3CD3}.Release|Any CPU.Build.0 = Release|Any CPU
		{904762CF-1CC4-43FA-B136-F3AA6B717A9D}.Debug|Any CPU.ActiveCfg = Debug|Any CPU
		{904762CF-1CC4-43FA-B136-F3AA6B717A9D}.Debug|Any CPU.Build.0 = Debug|Any CPU
		{904762CF-1CC4-43FA-B136-F3AA6B717A9D}.Release|Any CPU.ActiveCfg = Release|Any CPU
		{904762CF-1CC4-43FA-B136-F3AA6B717A9D}.Release|Any CPU.Build.0 = Release|Any CPU
		{99E1D23D-1D59-47D4-B440-1D081E12447F}.Debug|Any CPU.ActiveCfg = Debug|Any CPU
		{99E1D23D-1D59-47D4-B440-1D081E12447F}.Debug|Any CPU.Build.0 = Debug|Any CPU
		{99E1D23D-1D59-47D4-B440-1D081E12447F}.Release|Any CPU.ActiveCfg = Release|Any CPU
		{99E1D23D-1D59-47D4-B440-1D081E12447F}.Release|Any CPU.Build.0 = Release|Any CPU
	EndGlobalSection
	GlobalSection(SolutionProperties) = preSolution
		HideSolutionNode = FALSE
	EndGlobalSection
EndGlobal
